{
  "originHash" : "c27a4dc96725db82829e117ed8e700575072c7c478f4402b848e644d370cb306",
  "pins" : [
    {
      "identity" : "mdv",
      "kind" : "remoteSourceControl",
      "location" : "https://github.com/iChochy/MDV",
      "state" : {
        "branch" : "main",
        "revision" : "bf1e9eeb2f1f4ca28edc7df45031c3d84ae7586e"
      }
    },
    {
      "identity" : "swift-cmark",
      "kind" : "remoteSourceControl",
      "location" : "https://github.com/swiftlang/swift-cmark.git",
      "state" : {
        "branch" : "gfm",
        "revision" : "924936d0427cb25a61169739a7660230bffa6ea6"
      }
    },
    {
      "identity" : "swift-markdown",
      "kind" : "remoteSourceControl",
      "location" : "https://github.com/swiftlang/swift-markdown.git",
      "state" : {
        "branch" : "main",
        "revision" : "b2135f426fca19029430fbf26564e953b2d0f3d3"
      }
    }
  ],
  "version" : 3
}
